<?xml version="1.0" encoding="utf-8"?>
<Project ToolsVersion="4.0" xmlns="http://schemas.microsoft.com/developer/msbuild/2003">
  <ItemGroup>
    <Filter Include="win32">
      <UniqueIdentifier>{84a8ebd7-7cf0-47f6-b75e-d441df67da40}</UniqueIdentifier>
    </Filter>
    <Filter Include="Classes">
      <UniqueIdentifier>{bb6c862e-70e9-49d9-81b7-3829a6f50471}</UniqueIdentifier>
    </Filter>
    <Filter Include="Utility">
      <UniqueIdentifier>{fee5aebf-8503-4205-b70b-c5f06f5c6502}</UniqueIdentifier>
    </Filter>
    <Filter Include="Classes\Scene">
      <UniqueIdentifier>{7e384acf-4be3-48bc-8283-81321525aecb}</UniqueIdentifier>
    </Filter>
    <Filter Include="Classes\Scene\MainScene">
      <UniqueIdentifier>{b2a06d3e-6b26-4a18-912d-f02bae4e50fa}</UniqueIdentifier>
    </Filter>
    <Filter Include="Classes\Layer">
      <UniqueIdentifier>{71d07af9-1b36-44ab-8df8-dfa6c564f026}</UniqueIdentifier>
    </Filter>
    <Filter Include="Classes\Layer\Main">
      <UniqueIdentifier>{b7492dff-1996-42dc-9fa0-9e70a241236f}</UniqueIdentifier>
    </Filter>
    <Filter Include="Classes\Logic">
      <UniqueIdentifier>{16f833f9-9f51-4086-a98a-19b945e68826}</UniqueIdentifier>
    </Filter>
    <Filter Include="Classes\Logic\GameManager">
      <UniqueIdentifier>{ed150ade-6484-4801-af10-0a3001ee851c}</UniqueIdentifier>
    </Filter>
    <Filter Include="Classes\Logic\GameLogic">
      <UniqueIdentifier>{d24c84cf-52f1-4f67-8dad-43e3b41a34f2}</UniqueIdentifier>
    </Filter>
    <Filter Include="Classes\Scene\ResultScene">
      <UniqueIdentifier>{54eccf71-7976-4517-8837-e2d298bedacb}</UniqueIdentifier>
    </Filter>
    <Filter Include="Classes\Layer\Result">
      <UniqueIdentifier>{7fdff93d-bac2-4923-9154-4e0a6ae6b9a9}</UniqueIdentifier>
    </Filter>
  </ItemGroup>
  <ItemGroup>
    <ClCompile Include="main.cpp">
      <Filter>win32</Filter>
    </ClCompile>
    <ClCompile Include="..\Classes\AppDelegate.cpp">
      <Filter>Classes</Filter>
    </ClCompile>
    <ClCompile Include="..\Classes\HelloWorldScene.cpp">
      <Filter>Classes</Filter>
    </ClCompile>
    <ClCompile Include="..\Classes\MainScene.cpp">
      <Filter>Classes\Scene\MainScene</Filter>
    </ClCompile>
    <ClCompile Include="..\Classes\BackgroundLayer.cpp">
      <Filter>Classes\Layer</Filter>
    </ClCompile>
    <ClCompile Include="..\Classes\MainTitleLayer.cpp">
      <Filter>Classes\Layer\Main</Filter>
    </ClCompile>
    <ClCompile Include="..\Classes\MainMenuLayer.cpp">
      <Filter>Classes\Layer\Main</Filter>
    </ClCompile>
    <ClCompile Include="..\Classes\ResultScene.cpp">
      <Filter>Classes\Scene\ResultScene</Filter>
    </ClCompile>
    <ClCompile Include="..\Classes\ResultScoreLayer.cpp">
      <Filter>Classes\Layer\Result</Filter>
    </ClCompile>
    <ClCompile Include="..\Classes\ResultTitleLayer.cpp">
      <Filter>Classes\Layer\Result</Filter>
    </ClCompile>
    <ClCompile Include="..\Classes\GameManager.cpp">
      <Filter>Classes\Logic\GameManager</Filter>
    </ClCompile>
    <ClCompile Include="..\Classes\GameLogic.cpp">
      <Filter>Classes\Logic\GameLogic</Filter>
    </ClCompile>
  </ItemGroup>
  <ItemGroup>
    <ClInclude Include="main.h">
      <Filter>win32</Filter>
    </ClInclude>
    <ClInclude Include="..\Classes\AppDelegate.h">
      <Filter>Classes</Filter>
    </ClInclude>
    <ClInclude Include="..\Classes\HelloWorldScene.h">
      <Filter>Classes</Filter>
    </ClInclude>
    <ClInclude Include="..\Classes\MainScene.h">
      <Filter>Classes\Scene\MainScene</Filter>
    </ClInclude>
    <ClInclude Include="..\Classes\config.h">
      <Filter>Utility</Filter>
    </ClInclude>
    <ClInclude Include="..\Classes\BackgroundLayer.h">
      <Filter>Classes\Layer</Filter>
    </ClInclude>
    <ClInclude Include="..\Classes\MainTitleLayer.h">
      <Filter>Classes\Layer\Main</Filter>
    </ClInclude>
    <ClInclude Include="..\Classes\MainMenuLayer.h">
      <Filter>Classes\Layer\Main</Filter>
    </ClInclude>
    <ClInclude Include="..\Classes\ResultScene.h">
      <Filter>Classes\Scene\ResultScene</Filter>
    </ClInclude>
    <ClInclude Include="..\Classes\ResultScoreLayer.h">
      <Filter>Classes\Layer\Result</Filter>
    </ClInclude>
    <ClInclude Include="..\Classes\ResultTitleLayer.h">
      <Filter>Classes\Layer\Result</Filter>
    </ClInclude>
    <ClInclude Include="..\Classes\GameManager.h">
      <Filter>Classes\Logic\GameManager</Filter>
    </ClInclude>
    <ClInclude Include="..\Classes\GameLogic.h">
      <Filter>Classes\Logic\GameLogic</Filter>
    </ClInclude>
  </ItemGroup>
  <ItemGroup>
    <Text Include="Memo.txt">
      <Filter>Utility</Filter>
    </Text>
  </ItemGroup>
</Project>